
Microsoft Visual Studio Solution File, Format Version 12.00
# Visual Studio Version 17
VisualStudioVersion = 17.11.35208.52
MinimumVisualStudioVersion = 10.0.40219.1
Project("{9A19103F-16F7-4668-BE54-9A1E7A4F7556}") = "Q10.TaskManager.Api", "Q10.TaskManager.Api\Q10.TaskManager.Api.csproj", "{B26689A5-4654-444C-8A47-77CB1377936E}"
EndProject
Global
	GlobalSection(SolutionConfigurationPlatforms) = preSolution
		Debug|Any CPU = Debug|Any CPU
		Release|Any CPU = Release|Any CPU
	EndGlobalSection
	GlobalSection(ProjectConfigurationPlatforms) = postSolution
		{B26689A5-4654-444C-8A47-77CB1377936E}.Debug|Any CPU.ActiveCfg = Debug|Any CPU
		{B26689A5-4654-444C-8A47-77CB1377936E}.Debug|Any CPU.Build.0 = Debug|Any CPU
		{B26689A5-4654-444C-8A47-77CB1377936E}.Release|Any CPU.ActiveCfg = Release|Any CPU
		{B26689A5-4654-444C-8A47-77CB1377936E}.Release|Any CPU.Build.0 = Release|Any CPU
	EndGlobalSection
	GlobalSection(SolutionProperties) = preSolution
		HideSolutionNode = FALSE
	EndGlobalSection
	GlobalSection(ExtensibilityGlobals) = postSolution
		SolutionGuid = {AB4227A2-5402-4295-822E-77A639C3029D}
	EndGlobalSection
EndGlobal
